
Microsoft Visual Studio Solution File, Format Version 12.00
# Visual Studio Version 17
VisualStudioVersion = 17.0.32112.339
MinimumVisualStudioVersion = 10.0.40219.1
Project("{FAE04EC0-301F-11D3-BF4B-00C04F79EFBC}") = "CoffeeShop", "CoffeeShop\CoffeeShop.csproj", "{6E8F6A6C-257D-4432-839D-FEAB86F9A778}"
EndProject
Global
	GlobalSection(SolutionConfigurationPlatforms) = preSolution
		Debug|Any CPU = Debug|Any CPU
		Release|Any CPU = Release|Any CPU
	EndGlobalSection
	GlobalSection(ProjectConfigurationPlatforms) = postSolution
		{6E8F6A6C-257D-4432-839D-FEAB86F9A778}.Debug|Any CPU.ActiveCfg = Debug|Any CPU
		{6E8F6A6C-257D-4432-839D-FEAB86F9A778}.Debug|Any CPU.Build.0 = Debug|Any CPU
		{6E8F6A6C-257D-4432-839D-FEAB86F9A778}.Release|Any CPU.ActiveCfg = Release|Any CPU
		{6E8F6A6C-257D-4432-839D-FEAB86F9A778}.Release|Any CPU.Build.0 = Release|Any CPU
	EndGlobalSection
	GlobalSection(SolutionProperties) = preSolution
		HideSolutionNode = FALSE
	EndGlobalSection
	GlobalSection(ExtensibilityGlobals) = postSolution
		SolutionGuid = {CF59D26B-8842-44FC-B27F-2EB5D059886A}
	EndGlobalSection
EndGlobal
